
Microsoft Visual Studio Solution File, Format Version 12.00
# Visual Studio 15
VisualStudioVersion = 15.0.26124.0
MinimumVisualStudioVersion = 15.0.26124.0
Project("{FAE04EC0-301F-11D3-BF4B-00C04F79EFBC}") = "Domain", "Domain\Domain.csproj", "{448CD9D5-F225-4BA4-A9BF-CA97B30448F5}"
EndProject
Project("{FAE04EC0-301F-11D3-BF4B-00C04F79EFBC}") = "Application", "Application\Application.csproj", "{4FFD244E-DBFE-48AD-93D9-670BFCE594A1}"
EndProject
Project("{FAE04EC0-301F-11D3-BF4B-00C04F79EFBC}") = "Persistence", "Persistence\Persistence.csproj", "{37E4A34F-F029-4D52-8147-85408F20A2A4}"
EndProject
Project("{FAE04EC0-301F-11D3-BF4B-00C04F79EFBC}") = "API", "API\API.csproj", "{2A85073E-0C6D-4190-B82E-1C246D590BF8}"
EndProject
Global
	GlobalSection(SolutionConfigurationPlatforms) = preSolution
		Debug|Any CPU = Debug|Any CPU
		Debug|x64 = Debug|x64
		Debug|x86 = Debug|x86
		Release|Any CPU = Release|Any CPU
		Release|x64 = Release|x64
		Release|x86 = Release|x86
	EndGlobalSection
	GlobalSection(SolutionProperties) = preSolution
		HideSolutionNode = FALSE
	EndGlobalSection
	GlobalSection(ProjectConfigurationPlatforms) = postSolution
		{448CD9D5-F225-4BA4-A9BF-CA97B30448F5}.Debug|Any CPU.ActiveCfg = Debug|Any CPU
		{448CD9D5-F225-4BA4-A9BF-CA97B30448F5}.Debug|Any CPU.Build.0 = Debug|Any CPU
		{448CD9D5-F225-4BA4-A9BF-CA97B30448F5}.Debug|x64.ActiveCfg = Debug|Any CPU
		{448CD9D5-F225-4BA4-A9BF-CA97B30448F5}.Debug|x64.Build.0 = Debug|Any CPU
		{448CD9D5-F225-4BA4-A9BF-CA97B30448F5}.Debug|x86.ActiveCfg = Debug|Any CPU
		{448CD9D5-F225-4BA4-A9BF-CA97B30448F5}.Debug|x86.Build.0 = Debug|Any CPU
		{448CD9D5-F225-4BA4-A9BF-CA97B30448F5}.Release|Any CPU.ActiveCfg = Release|Any CPU
		{448CD9D5-F225-4BA4-A9BF-CA97B30448F5}.Release|Any CPU.Build.0 = Release|Any CPU
		{448CD9D5-F225-4BA4-A9BF-CA97B30448F5}.Release|x64.ActiveCfg = Release|Any CPU
		{448CD9D5-F225-4BA4-A9BF-CA97B30448F5}.Release|x64.Build.0 = Release|Any CPU
		{448CD9D5-F225-4BA4-A9BF-CA97B30448F5}.Release|x86.ActiveCfg = Release|Any CPU
		{448CD9D5-F225-4BA4-A9BF-CA97B30448F5}.Release|x86.Build.0 = Release|Any CPU
		{4FFD244E-DBFE-48AD-93D9-670BFCE594A1}.Debug|Any CPU.ActiveCfg = Debug|Any CPU
		{4FFD244E-DBFE-48AD-93D9-670BFCE594A1}.Debug|Any CPU.Build.0 = Debug|Any CPU
		{4FFD244E-DBFE-48AD-93D9-670BFCE594A1}.Debug|x64.ActiveCfg = Debug|Any CPU
		{4FFD244E-DBFE-48AD-93D9-670BFCE594A1}.Debug|x64.Build.0 = Debug|Any CPU
		{4FFD244E-DBFE-48AD-93D9-670BFCE594A1}.Debug|x86.ActiveCfg = Debug|Any CPU
		{4FFD244E-DBFE-48AD-93D9-670BFCE594A1}.Debug|x86.Build.0 = Debug|Any CPU
		{4FFD244E-DBFE-48AD-93D9-670BFCE594A1}.Release|Any CPU.ActiveCfg = Release|Any CPU
		{4FFD244E-DBFE-48AD-93D9-670BFCE594A1}.Release|Any CPU.Build.0 = Release|Any CPU
		{4FFD244E-DBFE-48AD-93D9-670BFCE594A1}.Release|x64.ActiveCfg = Release|Any CPU
		{4FFD244E-DBFE-48AD-93D9-670BFCE594A1}.Release|x64.Build.0 = Release|Any CPU
		{4FFD244E-DBFE-48AD-93D9-670BFCE594A1}.Release|x86.ActiveCfg = Release|Any CPU
		{4FFD244E-DBFE-48AD-93D9-670BFCE594A1}.Release|x86.Build.0 = Release|Any CPU
		{37E4A34F-F029-4D52-8147-85408F20A2A4}.Debug|Any CPU.ActiveCfg = Debug|Any CPU
		{37E4A34F-F029-4D52-8147-85408F20A2A4}.Debug|Any CPU.Build.0 = Debug|Any CPU
		{37E4A34F-F029-4D52-8147-85408F20A2A4}.Debug|x64.ActiveCfg = Debug|Any CPU
		{37E4A34F-F029-4D52-8147-85408F20A2A4}.Debug|x64.Build.0 = Debug|Any CPU
		{37E4A34F-F029-4D52-8147-85408F20A2A4}.Debug|x86.ActiveCfg = Debug|Any CPU
		{37E4A34F-F029-4D52-8147-85408F20A2A4}.Debug|x86.Build.0 = Debug|Any CPU
		{37E4A34F-F029-4D52-8147-85408F20A2A4}.Release|Any CPU.ActiveCfg = Release|Any CPU
		{37E4A34F-F029-4D52-8147-85408F20A2A4}.Release|Any CPU.Build.0 = Release|Any CPU
		{37E4A34F-F029-4D52-8147-85408F20A2A4}.Release|x64.ActiveCfg = Release|Any CPU
		{37E4A34F-F029-4D52-8147-85408F20A2A4}.Release|x64.Build.0 = Release|Any CPU
		{37E4A34F-F029-4D52-8147-85408F20A2A4}.Release|x86.ActiveCfg = Release|Any CPU
		{37E4A34F-F029-4D52-8147-85408F20A2A4}.Release|x86.Build.0 = Release|Any CPU
		{2A85073E-0C6D-4190-B82E-1C246D590BF8}.Debug|Any CPU.ActiveCfg = Debug|Any CPU
		{2A85073E-0C6D-4190-B82E-1C246D590BF8}.Debug|Any CPU.Build.0 = Debug|Any CPU
		{2A85073E-0C6D-4190-B82E-1C246D590BF8}.Debug|x64.ActiveCfg = Debug|Any CPU
		{2A85073E-0C6D-4190-B82E-1C246D590BF8}.Debug|x64.Build.0 = Debug|Any CPU
		{2A85073E-0C6D-4190-B82E-1C246D590BF8}.Debug|x86.ActiveCfg = Debug|Any CPU
		{2A85073E-0C6D-4190-B82E-1C246D590BF8}.Debug|x86.Build.0 = Debug|Any CPU
		{2A85073E-0C6D-4190-B82E-1C246D590BF8}.Release|Any CPU.ActiveCfg = Release|Any CPU
		{2A85073E-0C6D-4190-B82E-1C246D590BF8}.Release|Any CPU.Build.0 = Release|Any CPU
		{2A85073E-0C6D-4190-B82E-1C246D590BF8}.Release|x64.ActiveCfg = Release|Any CPU
		{2A85073E-0C6D-4190-B82E-1C246D590BF8}.Release|x64.Build.0 = Release|Any CPU
		{2A85073E-0C6D-4190-B82E-1C246D590BF8}.Release|x86.ActiveCfg = Release|Any CPU
		{2A85073E-0C6D-4190-B82E-1C246D590BF8}.Release|x86.Build.0 = Release|Any CPU
	EndGlobalSection
EndGlobal
